
Microsoft Visual Studio Solution File, Format Version 12.00
# Visual Studio Version 17
VisualStudioVersion = 17.7.34031.279
MinimumVisualStudioVersion = 10.0.40219.1
Project("{FAE04EC0-301F-11D3-BF4B-00C04F79EFBC}") = "DAW-Lab3", "DAW-Lab3\DAW-Lab3.csproj", "{D3FEABA2-9E00-491F-96B2-710D91DFBFC3}"
EndProject
Global
	GlobalSection(SolutionConfigurationPlatforms) = preSolution
		Debug|Any CPU = Debug|Any CPU
		Release|Any CPU = Release|Any CPU
	EndGlobalSection
	GlobalSection(ProjectConfigurationPlatforms) = postSolution
		{D3FEABA2-9E00-491F-96B2-710D91DFBFC3}.Debug|Any CPU.ActiveCfg = Debug|Any CPU
		{D3FEABA2-9E00-491F-96B2-710D91DFBFC3}.Debug|Any CPU.Build.0 = Debug|Any CPU
		{D3FEABA2-9E00-491F-96B2-710D91DFBFC3}.Release|Any CPU.ActiveCfg = Release|Any CPU
		{D3FEABA2-9E00-491F-96B2-710D91DFBFC3}.Release|Any CPU.Build.0 = Release|Any CPU
	EndGlobalSection
	GlobalSection(SolutionProperties) = preSolution
		HideSolutionNode = FALSE
	EndGlobalSection
	GlobalSection(ExtensibilityGlobals) = postSolution
		SolutionGuid = {2D4531EB-1337-4A78-8E8B-7E4B9F83AD00}
	EndGlobalSection
EndGlobal
